
Microsoft Visual Studio Solution File, Format Version 12.00
# Visual Studio Version 17
VisualStudioVersion = 17.0.31903.59
MinimumVisualStudioVersion = 10.0.40219.1
Project("{FAE04EC0-301F-11D3-BF4B-00C04F79EFBC}") = "Zapret.Core", "Zapret.Core\Zapret.Core.csproj", "{C9F9FACC-F956-42E2-ABAF-1A45D7AEC0F4}"
EndProject
Project("{FAE04EC0-301F-11D3-BF4B-00C04F79EFBC}") = "Zapret.Service", "Zapret.Service\Zapret.Service.csproj", "{2908097B-623E-4C15-93B5-16910BBF2733}"
EndProject
Project("{FAE04EC0-301F-11D3-BF4B-00C04F79EFBC}") = "Zapret.Tests", "Zapret.Tests\Zapret.Tests.csproj", "{CFE3C635-A1C1-471A-B5FE-2E1049F66198}"
EndProject
Project("{FAE04EC0-301F-11D3-BF4B-00C04F79EFBC}") = "Zapret.Shell", "Zapret.Shell\Zapret.Shell.csproj", "{52BB3B2C-1083-4449-868E-D9C2DC2714CE}"
EndProject
Global
	GlobalSection(SolutionConfigurationPlatforms) = preSolution
		Debug|Any CPU = Debug|Any CPU
		Release|Any CPU = Release|Any CPU
	EndGlobalSection
	GlobalSection(SolutionProperties) = preSolution
		HideSolutionNode = FALSE
	EndGlobalSection
	GlobalSection(ProjectConfigurationPlatforms) = postSolution
		{C9F9FACC-F956-42E2-ABAF-1A45D7AEC0F4}.Debug|Any CPU.ActiveCfg = Debug|Any CPU
		{C9F9FACC-F956-42E2-ABAF-1A45D7AEC0F4}.Debug|Any CPU.Build.0 = Debug|Any CPU
		{C9F9FACC-F956-42E2-ABAF-1A45D7AEC0F4}.Release|Any CPU.ActiveCfg = Release|Any CPU
		{C9F9FACC-F956-42E2-ABAF-1A45D7AEC0F4}.Release|Any CPU.Build.0 = Release|Any CPU
		{2908097B-623E-4C15-93B5-16910BBF2733}.Debug|Any CPU.ActiveCfg = Debug|Any CPU
		{2908097B-623E-4C15-93B5-16910BBF2733}.Debug|Any CPU.Build.0 = Debug|Any CPU
		{2908097B-623E-4C15-93B5-16910BBF2733}.Release|Any CPU.ActiveCfg = Release|Any CPU
		{2908097B-623E-4C15-93B5-16910BBF2733}.Release|Any CPU.Build.0 = Release|Any CPU
		{CFE3C635-A1C1-471A-B5FE-2E1049F66198}.Debug|Any CPU.ActiveCfg = Debug|Any CPU
		{CFE3C635-A1C1-471A-B5FE-2E1049F66198}.Debug|Any CPU.Build.0 = Debug|Any CPU
		{CFE3C635-A1C1-471A-B5FE-2E1049F66198}.Release|Any CPU.ActiveCfg = Release|Any CPU
		{CFE3C635-A1C1-471A-B5FE-2E1049F66198}.Release|Any CPU.Build.0 = Release|Any CPU
		{52BB3B2C-1083-4449-868E-D9C2DC2714CE}.Debug|Any CPU.ActiveCfg = Debug|x64
		{52BB3B2C-1083-4449-868E-D9C2DC2714CE}.Debug|Any CPU.Build.0 = Debug|x64
		{52BB3B2C-1083-4449-868E-D9C2DC2714CE}.Release|Any CPU.ActiveCfg = Release|x64
		{52BB3B2C-1083-4449-868E-D9C2DC2714CE}.Release|Any CPU.Build.0 = Release|x64
	EndGlobalSection
EndGlobal
